
Microsoft Visual Studio Solution File, Format Version 12.00
# Visual Studio Version 17
VisualStudioVersion = 17.2.32519.379
MinimumVisualStudioVersion = 10.0.40219.1
Project("{8BC9CEB8-8B4A-11D0-8D11-00A0C91BC942}") = "Example1", "Example1\Example1.vcxproj", "{49EC8B94-A0DF-4010-9819-B7923678B588}"
EndProject
Global
	GlobalSection(SolutionConfigurationPlatforms) = preSolution
		Debug|x64 = Debug|x64
		Debug|x86 = Debug|x86
		Release|x64 = Release|x64
		Release|x86 = Release|x86
	EndGlobalSection
	GlobalSection(ProjectConfigurationPlatforms) = postSolution
		{49EC8B94-A0DF-4010-9819-B7923678B588}.Debug|x64.ActiveCfg = Debug|x64
		{49EC8B94-A0DF-4010-9819-B7923678B588}.Debug|x64.Build.0 = Debug|x64
		{49EC8B94-A0DF-4010-9819-B7923678B588}.Debug|x86.ActiveCfg = Debug|Win32
		{49EC8B94-A0DF-4010-9819-B7923678B588}.Debug|x86.Build.0 = Debug|Win32
		{49EC8B94-A0DF-4010-9819-B7923678B588}.Release|x64.ActiveCfg = Release|x64
		{49EC8B94-A0DF-4010-9819-B7923678B588}.Release|x64.Build.0 = Release|x64
		{49EC8B94-A0DF-4010-9819-B7923678B588}.Release|x86.ActiveCfg = Release|Win32
		{49EC8B94-A0DF-4010-9819-B7923678B588}.Release|x86.Build.0 = Release|Win32
	EndGlobalSection
	GlobalSection(SolutionProperties) = preSolution
		HideSolutionNode = FALSE
	EndGlobalSection
	GlobalSection(ExtensibilityGlobals) = postSolution
		SolutionGuid = {71F4675B-27FC-45A1-9CEF-7BF27137DCD9}
	EndGlobalSection
EndGlobal
